
Microsoft Visual Studio Solution File, Format Version 12.00
# Visual Studio Version 17
VisualStudioVersion = 17.14.36109.1
MinimumVisualStudioVersion = 10.0.40219.1
Project("{2150E333-8FDC-42A3-9474-1A3956D46DE8}") = "Usuarios", "Usuarios", "{02EA681E-C7D8-13C7-8484-4AC65E1B71E8}"
EndProject
Project("{FAE04EC0-301F-11D3-BF4B-00C04F79EFBC}") = "Usuarios.API", "Usuarios.API\Usuarios.API.csproj", "{D79274E8-2DAC-45D5-894C-DE830215AADB}"
EndProject
Project("{FAE04EC0-301F-11D3-BF4B-00C04F79EFBC}") = "Usuarios.Domain", "Usuarios.Domain\Usuarios.Domain.csproj", "{44CF8B0D-BE3D-4821-89E6-67998DA4178D}"
EndProject
Project("{2150E333-8FDC-42A3-9474-1A3956D46DE8}") = "Financias", "Financias", "{1E3AE8AB-47C5-4CF2-A3ED-8C99551591B6}"
EndProject
Project("{FAE04EC0-301F-11D3-BF4B-00C04F79EFBC}") = "Usuarios.Infrastructure", "Usuarios.Infrastructure\Usuarios.Infrastructure.csproj", "{F66AA5FC-094E-473D-8FD9-76452108C662}"
EndProject
Project("{FAE04EC0-301F-11D3-BF4B-00C04F79EFBC}") = "Usuarios.Application", "Usuarios.Application\Usuarios.Application.csproj", "{A74A35D8-860F-4FA9-B462-47C4331A8B4A}"
EndProject
Project("{FAE04EC0-301F-11D3-BF4B-00C04F79EFBC}") = "Financias.API", "Financias.API\Financias.API.csproj", "{C8267010-8244-4F07-89F0-809352C907AE}"
EndProject
Project("{FAE04EC0-301F-11D3-BF4B-00C04F79EFBC}") = "Financias.Domain", "Financias.Domain\Financias.Domain.csproj", "{058E7920-DF06-474E-BAC3-971C9BAEB57B}"
EndProject
Project("{FAE04EC0-301F-11D3-BF4B-00C04F79EFBC}") = "Financias.Infrastructure", "Financias.Infrastructure\Financias.Infrastructure.csproj", "{324A9713-9854-44D1-967B-3E0C42C2C372}"
EndProject
Global
	GlobalSection(SolutionConfigurationPlatforms) = preSolution
		Debug|Any CPU = Debug|Any CPU
		Release|Any CPU = Release|Any CPU
	EndGlobalSection
	GlobalSection(ProjectConfigurationPlatforms) = postSolution
		{D79274E8-2DAC-45D5-894C-DE830215AADB}.Debug|Any CPU.ActiveCfg = Debug|Any CPU
		{D79274E8-2DAC-45D5-894C-DE830215AADB}.Debug|Any CPU.Build.0 = Debug|Any CPU
		{D79274E8-2DAC-45D5-894C-DE830215AADB}.Release|Any CPU.ActiveCfg = Release|Any CPU
		{D79274E8-2DAC-45D5-894C-DE830215AADB}.Release|Any CPU.Build.0 = Release|Any CPU
		{44CF8B0D-BE3D-4821-89E6-67998DA4178D}.Debug|Any CPU.ActiveCfg = Debug|Any CPU
		{44CF8B0D-BE3D-4821-89E6-67998DA4178D}.Debug|Any CPU.Build.0 = Debug|Any CPU
		{44CF8B0D-BE3D-4821-89E6-67998DA4178D}.Release|Any CPU.ActiveCfg = Release|Any CPU
		{44CF8B0D-BE3D-4821-89E6-67998DA4178D}.Release|Any CPU.Build.0 = Release|Any CPU
		{F66AA5FC-094E-473D-8FD9-76452108C662}.Debug|Any CPU.ActiveCfg = Debug|Any CPU
		{F66AA5FC-094E-473D-8FD9-76452108C662}.Debug|Any CPU.Build.0 = Debug|Any CPU
		{F66AA5FC-094E-473D-8FD9-76452108C662}.Release|Any CPU.ActiveCfg = Release|Any CPU
		{F66AA5FC-094E-473D-8FD9-76452108C662}.Release|Any CPU.Build.0 = Release|Any CPU
		{A74A35D8-860F-4FA9-B462-47C4331A8B4A}.Debug|Any CPU.ActiveCfg = Debug|Any CPU
		{A74A35D8-860F-4FA9-B462-47C4331A8B4A}.Debug|Any CPU.Build.0 = Debug|Any CPU
		{A74A35D8-860F-4FA9-B462-47C4331A8B4A}.Release|Any CPU.ActiveCfg = Release|Any CPU
		{A74A35D8-860F-4FA9-B462-47C4331A8B4A}.Release|Any CPU.Build.0 = Release|Any CPU
		{C8267010-8244-4F07-89F0-809352C907AE}.Debug|Any CPU.ActiveCfg = Debug|Any CPU
		{C8267010-8244-4F07-89F0-809352C907AE}.Debug|Any CPU.Build.0 = Debug|Any CPU
		{C8267010-8244-4F07-89F0-809352C907AE}.Release|Any CPU.ActiveCfg = Release|Any CPU
		{C8267010-8244-4F07-89F0-809352C907AE}.Release|Any CPU.Build.0 = Release|Any CPU
		{058E7920-DF06-474E-BAC3-971C9BAEB57B}.Debug|Any CPU.ActiveCfg = Debug|Any CPU
		{058E7920-DF06-474E-BAC3-971C9BAEB57B}.Debug|Any CPU.Build.0 = Debug|Any CPU
		{058E7920-DF06-474E-BAC3-971C9BAEB57B}.Release|Any CPU.ActiveCfg = Release|Any CPU
		{058E7920-DF06-474E-BAC3-971C9BAEB57B}.Release|Any CPU.Build.0 = Release|Any CPU
		{324A9713-9854-44D1-967B-3E0C42C2C372}.Debug|Any CPU.ActiveCfg = Debug|Any CPU
		{324A9713-9854-44D1-967B-3E0C42C2C372}.Debug|Any CPU.Build.0 = Debug|Any CPU
		{324A9713-9854-44D1-967B-3E0C42C2C372}.Release|Any CPU.ActiveCfg = Release|Any CPU
		{324A9713-9854-44D1-967B-3E0C42C2C372}.Release|Any CPU.Build.0 = Release|Any CPU
	EndGlobalSection
	GlobalSection(SolutionProperties) = preSolution
		HideSolutionNode = FALSE
	EndGlobalSection
	GlobalSection(NestedProjects) = preSolution
		{D79274E8-2DAC-45D5-894C-DE830215AADB} = {02EA681E-C7D8-13C7-8484-4AC65E1B71E8}
		{44CF8B0D-BE3D-4821-89E6-67998DA4178D} = {02EA681E-C7D8-13C7-8484-4AC65E1B71E8}
		{F66AA5FC-094E-473D-8FD9-76452108C662} = {02EA681E-C7D8-13C7-8484-4AC65E1B71E8}
		{A74A35D8-860F-4FA9-B462-47C4331A8B4A} = {02EA681E-C7D8-13C7-8484-4AC65E1B71E8}
		{C8267010-8244-4F07-89F0-809352C907AE} = {1E3AE8AB-47C5-4CF2-A3ED-8C99551591B6}
		{058E7920-DF06-474E-BAC3-971C9BAEB57B} = {1E3AE8AB-47C5-4CF2-A3ED-8C99551591B6}
		{324A9713-9854-44D1-967B-3E0C42C2C372} = {1E3AE8AB-47C5-4CF2-A3ED-8C99551591B6}
	EndGlobalSection
	GlobalSection(ExtensibilityGlobals) = postSolution
		SolutionGuid = {971615EC-CA0B-4BE6-87E5-1AFDDEF2D4BC}
	EndGlobalSection
EndGlobal
